
Microsoft Visual Studio Solution File, Format Version 12.00
# Visual Studio 15
VisualStudioVersion = 15.0.28307.329
MinimumVisualStudioVersion = 10.0.40219.1
Project("{FAE04EC0-301F-11D3-BF4B-00C04F79EFBC}") = "q", "q\q.csproj", "{BAFECC3D-4E94-42FD-B94B-398F5B1D2207}"
EndProject
Global
	GlobalSection(SolutionConfigurationPlatforms) = preSolution
		Debug|Any CPU = Debug|Any CPU
		Release|Any CPU = Release|Any CPU
	EndGlobalSection
	GlobalSection(ProjectConfigurationPlatforms) = postSolution
		{BAFECC3D-4E94-42FD-B94B-398F5B1D2207}.Debug|Any CPU.ActiveCfg = Debug|Any CPU
		{BAFECC3D-4E94-42FD-B94B-398F5B1D2207}.Debug|Any CPU.Build.0 = Debug|Any CPU
		{BAFECC3D-4E94-42FD-B94B-398F5B1D2207}.Release|Any CPU.ActiveCfg = Release|Any CPU
		{BAFECC3D-4E94-42FD-B94B-398F5B1D2207}.Release|Any CPU.Build.0 = Release|Any CPU
	EndGlobalSection
	GlobalSection(SolutionProperties) = preSolution
		HideSolutionNode = FALSE
	EndGlobalSection
	GlobalSection(ExtensibilityGlobals) = postSolution
		SolutionGuid = {A1206426-F5CD-441B-828E-4E9A70852206}
	EndGlobalSection
EndGlobal
